// !$*UTF8*$!
{
	archiveVersion = 1;
	classes = {
	};
	objectVersion = 50;
	objects = {

/* Begin PBXBuildFile section */
		E122C1F125FD617D006A1670 /* AppDelegate.swift in Sources */ = {isa = PBXBuildFile; fileRef = E122C1F025FD617D006A1670 /* AppDelegate.swift */; };
		E122C1F325FD617D006A1670 /* SceneDelegate.swift in Sources */ = {isa = PBXBuildFile; fileRef = E122C1F225FD617D006A1670 /* SceneDelegate.swift */; };
		E122C1F825FD617D006A1670 /* Main.storyboard in Resources */ = {isa = PBXBuildFile; fileRef = E122C1F625FD617D006A1670 /* Main.storyboard */; };
		E122C1FA25FD6180006A1670 /* Assets.xcassets in Resources */ = {isa = PBXBuildFile; fileRef = E122C1F925FD6180006A1670 /* Assets.xcassets */; };
		E122C1FD25FD6180006A1670 /* LaunchScreen.storyboard in Resources */ = {isa = PBXBuildFile; fileRef = E122C1FB25FD6180006A1670 /* LaunchScreen.storyboard */; };
		E122C20525FD7598006A1670 /* UIViewController+Extensions.swift in Sources */ = {isa = PBXBuildFile; fileRef = E122C20425FD7598006A1670 /* UIViewController+Extensions.swift */; };
		E122C20725FD9061006A1670 /* TunedGlobalAPI.swift in Sources */ = {isa = PBXBuildFile; fileRef = E122C20625FD9061006A1670 /* TunedGlobalAPI.swift */; };
		E122C20B25FE5B06006A1670 /* AlbumStore.swift in Sources */ = {isa = PBXBuildFile; fileRef = E122C20A25FE5B06006A1670 /* AlbumStore.swift */; };
		E122C2732603E4C7006A1670 /* AlbumsViewController.swift in Sources */ = {isa = PBXBuildFile; fileRef = E122C2722603E4C6006A1670 /* AlbumsViewController.swift */; };
		E122C2752603ED89006A1670 /* AlbumsDatasource.swift in Sources */ = {isa = PBXBuildFile; fileRef = E122C2742603ED89006A1670 /* AlbumsDatasource.swift */; };
		E122C27A26043A10006A1670 /* AlbumPhotoCell.swift in Sources */ = {isa = PBXBuildFile; fileRef = E122C27926043A10006A1670 /* AlbumPhotoCell.swift */; };
		E122C27E26069217006A1670 /* ImageStore.swift in Sources */ = {isa = PBXBuildFile; fileRef = E122C27D26069217006A1670 /* ImageStore.swift */; };
		E1F47FAD267A69A000E4DAF6 /* Album.swift in Sources */ = {isa = PBXBuildFile; fileRef = E1F47FAC267A69A000E4DAF6 /* Album.swift */; };
		E1F47FB1267A69CC00E4DAF6 /* AlbumType.swift in Sources */ = {isa = PBXBuildFile; fileRef = E1F47FB0267A69CC00E4DAF6 /* AlbumType.swift */; };
		E1F47FB5267A69FA00E4DAF6 /* Artist.swift in Sources */ = {isa = PBXBuildFile; fileRef = E1F47FB4267A69FA00E4DAF6 /* Artist.swift */; };
		E1F47FBD267A6A4C00E4DAF6 /* Label.swift in Sources */ = {isa = PBXBuildFile; fileRef = E1F47FBC267A6A4B00E4DAF6 /* Label.swift */; };
		E1F47FC1267A6A6200E4DAF6 /* Volume.swift in Sources */ = {isa = PBXBuildFile; fileRef = E1F47FC0267A6A6200E4DAF6 /* Volume.swift */; };
		E1F47FC5267A6A7500E4DAF6 /* JSONSchemaSupport.swift in Sources */ = {isa = PBXBuildFile; fileRef = E1F47FC4267A6A7500E4DAF6 /* JSONSchemaSupport.swift */; };
		E1F47FC9267A6A9400E4DAF6 /* AlbumData.swift in Sources */ = {isa = PBXBuildFile; fileRef = E1F47FA8267A697300E4DAF6 /* AlbumData.swift */; };
		E1F47FCC267A6AB900E4DAF6 /* PrimaryRelease.swift in Sources */ = {isa = PBXBuildFile; fileRef = E1F47FB8267A6A2D00E4DAF6 /* PrimaryRelease.swift */; };
/* End PBXBuildFile section */

/* Begin PBXFileReference section */
		E122C1ED25FD617D006A1670 /* TunedGlobal.app */ = {isa = PBXFileReference; explicitFileType = wrapper.application; includeInIndex = 0; path = TunedGlobal.app; sourceTree = BUILT_PRODUCTS_DIR; };
		E122C1F025FD617D006A1670 /* AppDelegate.swift */ = {isa = PBXFileReference; lastKnownFileType = sourcecode.swift; path = AppDelegate.swift; sourceTree = "<group>"; };
		E122C1F225FD617D006A1670 /* SceneDelegate.swift */ = {isa = PBXFileReference; lastKnownFileType = sourcecode.swift; path = SceneDelegate.swift; sourceTree = "<group>"; };
		E122C1F725FD617D006A1670 /* Base */ = {isa = PBXFileReference; lastKnownFileType = file.storyboard; name = Base; path = Base.lproj/Main.storyboard; sourceTree = "<group>"; };
		E122C1F925FD6180006A1670 /* Assets.xcassets */ = {isa = PBXFileReference; lastKnownFileType = folder.assetcatalog; path = Assets.xcassets; sourceTree = "<group>"; };
		E122C1FC25FD6180006A1670 /* Base */ = {isa = PBXFileReference; lastKnownFileType = file.storyboard; name = Base; path = Base.lproj/LaunchScreen.storyboard; sourceTree = "<group>"; };
		E122C1FE25FD6180006A1670 /* Info.plist */ = {isa = PBXFileReference; lastKnownFileType = text.plist.xml; path = Info.plist; sourceTree = "<group>"; };
		E122C20425FD7598006A1670 /* UIViewController+Extensions.swift */ = {isa = PBXFileReference; lastKnownFileType = sourcecode.swift; path = "UIViewController+Extensions.swift"; sourceTree = "<group>"; };
		E122C20625FD9061006A1670 /* TunedGlobalAPI.swift */ = {isa = PBXFileReference; lastKnownFileType = sourcecode.swift; path = TunedGlobalAPI.swift; sourceTree = "<group>"; };
		E122C20A25FE5B06006A1670 /* AlbumStore.swift */ = {isa = PBXFileReference; lastKnownFileType = sourcecode.swift; path = AlbumStore.swift; sourceTree = "<group>"; };
		E122C2722603E4C6006A1670 /* AlbumsViewController.swift */ = {isa = PBXFileReference; lastKnownFileType = sourcecode.swift; path = AlbumsViewController.swift; sourceTree = "<group>"; };
		E122C2742603ED89006A1670 /* AlbumsDatasource.swift */ = {isa = PBXFileReference; lastKnownFileType = sourcecode.swift; path = AlbumsDatasource.swift; sourceTree = "<group>"; };
		E122C27926043A10006A1670 /* AlbumPhotoCell.swift */ = {isa = PBXFileReference; lastKnownFileType = sourcecode.swift; path = AlbumPhotoCell.swift; sourceTree = "<group>"; };
		E122C27D26069217006A1670 /* ImageStore.swift */ = {isa = PBXFileReference; fileEncoding = 4; lastKnownFileType = sourcecode.swift; path = ImageStore.swift; sourceTree = "<group>"; };
		E1F47FA8267A697300E4DAF6 /* AlbumData.swift */ = {isa = PBXFileReference; lastKnownFileType = sourcecode.swift; path = AlbumData.swift; sourceTree = "<group>"; };
		E1F47FAC267A69A000E4DAF6 /* Album.swift */ = {isa = PBXFileReference; lastKnownFileType = sourcecode.swift; path = Album.swift; sourceTree = "<group>"; };
		E1F47FB0267A69CC00E4DAF6 /* AlbumType.swift */ = {isa = PBXFileReference; lastKnownFileType = sourcecode.swift; path = AlbumType.swift; sourceTree = "<group>"; };
		E1F47FB4267A69FA00E4DAF6 /* Artist.swift */ = {isa = PBXFileReference; lastKnownFileType = sourcecode.swift; path = Artist.swift; sourceTree = "<group>"; };
		E1F47FB8267A6A2D00E4DAF6 /* PrimaryRelease.swift */ = {isa = PBXFileReference; lastKnownFileType = sourcecode.swift; path = PrimaryRelease.swift; sourceTree = "<group>"; };
		E1F47FBC267A6A4B00E4DAF6 /* Label.swift */ = {isa = PBXFileReference; lastKnownFileType = sourcecode.swift; path = Label.swift; sourceTree = "<group>"; };
		E1F47FC0267A6A6200E4DAF6 /* Volume.swift */ = {isa = PBXFileReference; lastKnownFileType = sourcecode.swift; path = Volume.swift; sourceTree = "<group>"; };
		E1F47FC4267A6A7500E4DAF6 /* JSONSchemaSupport.swift */ = {isa = PBXFileReference; lastKnownFileType = sourcecode.swift; path = JSONSchemaSupport.swift; sourceTree = "<group>"; };
/* End PBXFileReference section */

/* Begin PBXFrameworksBuildPhase section */
		E122C1EA25FD617D006A1670 /* Frameworks */ = {
			isa = PBXFrameworksBuildPhase;
			buildActionMask = 2147483647;
			files = (
			);
			runOnlyForDeploymentPostprocessing = 0;
		};
/* End PBXFrameworksBuildPhase section */

/* Begin PBXGroup section */
		E122C1E425FD617D006A1670 = {
			isa = PBXGroup;
			children = (
				E122C1EF25FD617D006A1670 /* TunedGlobal */,
				E122C1EE25FD617D006A1670 /* Products */,
			);
			sourceTree = "<group>";
		};
		E122C1EE25FD617D006A1670 /* Products */ = {
			isa = PBXGroup;
			children = (
				E122C1ED25FD617D006A1670 /* TunedGlobal.app */,
			);
			name = Products;
			sourceTree = "<group>";
		};
		E122C1EF25FD617D006A1670 /* TunedGlobal */ = {
			isa = PBXGroup;
			children = (
				E1F47FA7267A695B00E4DAF6 /* TunedGlobalAPI */,
				E1276408267B0B0400CCB10B /* Service */,
				E122C27626042083006A1670 /* View */,
				E1276409267B0B2B00CCB10B /* Helpers */,
				E122C1F025FD617D006A1670 /* AppDelegate.swift */,
				E122C1F225FD617D006A1670 /* SceneDelegate.swift */,
				E122C1F625FD617D006A1670 /* Main.storyboard */,
				E122C1FB25FD6180006A1670 /* LaunchScreen.storyboard */,
				E122C1F925FD6180006A1670 /* Assets.xcassets */,
				E122C1FE25FD6180006A1670 /* Info.plist */,
			);
			path = TunedGlobal;
			sourceTree = "<group>";
		};
		E122C27626042083006A1670 /* View */ = {
			isa = PBXGroup;
			children = (
				E122C2722603E4C6006A1670 /* AlbumsViewController.swift */,
				E122C2742603ED89006A1670 /* AlbumsDatasource.swift */,
				E1C7ABED267AE4B400B61B0A /* Components */,
			);
			path = View;
			sourceTree = "<group>";
		};
		E1276408267B0B0400CCB10B /* Service */ = {
			isa = PBXGroup;
			children = (
				E122C20A25FE5B06006A1670 /* AlbumStore.swift */,
			);
			path = Service;
			sourceTree = "<group>";
		};
		E1276409267B0B2B00CCB10B /* Helpers */ = {
			isa = PBXGroup;
			children = (
				E122C27D26069217006A1670 /* ImageStore.swift */,
				E122C20425FD7598006A1670 /* UIViewController+Extensions.swift */,
			);
			path = Helpers;
			sourceTree = "<group>";
		};
		E1C7ABED267AE4B400B61B0A /* Components */ = {
			isa = PBXGroup;
			children = (
				E122C27926043A10006A1670 /* AlbumPhotoCell.swift */,
			);
			path = Components;
			sourceTree = "<group>";
		};
		E1F47FA7267A695B00E4DAF6 /* TunedGlobalAPI */ = {
			isa = PBXGroup;
			children = (
				E122C20625FD9061006A1670 /* TunedGlobalAPI.swift */,
				E1F47FC0267A6A6200E4DAF6 /* Volume.swift */,
				E1F47FB8267A6A2D00E4DAF6 /* PrimaryRelease.swift */,
				E1F47FBC267A6A4B00E4DAF6 /* Label.swift */,
				E1F47FB0267A69CC00E4DAF6 /* AlbumType.swift */,
				E1F47FB4267A69FA00E4DAF6 /* Artist.swift */,
				E1F47FAC267A69A000E4DAF6 /* Album.swift */,
				E1F47FA8267A697300E4DAF6 /* AlbumData.swift */,
				E1F47FC4267A6A7500E4DAF6 /* JSONSchemaSupport.swift */,
			);
			path = TunedGlobalAPI;
			sourceTree = "<group>";
		};
/* End PBXGroup section */

/* Begin PBXNativeTarget section */
		E122C1EC25FD617D006A1670 /* TunedGlobal */ = {
			isa = PBXNativeTarget;
			buildConfigurationList = E122C20125FD6180006A1670 /* Build configuration list for PBXNativeTarget "TunedGlobal" */;
			buildPhases = (
				E122C1E925FD617D006A1670 /* Sources */,
				E122C1EA25FD617D006A1670 /* Frameworks */,
				E122C1EB25FD617D006A1670 /* Resources */,
			);
			buildRules = (
			);
			dependencies = (
			);
			name = TunedGlobal;
			productName = RAFFotografic;
			productReference = E122C1ED25FD617D006A1670 /* TunedGlobal.app */;
			productType = "com.apple.product-type.application";
		};
/* End PBXNativeTarget section */

/* Begin PBXProject section */
		E122C1E525FD617D006A1670 /* Project object */ = {
			isa = PBXProject;
			attributes = {
				LastSwiftUpdateCheck = 1150;
				LastUpgradeCheck = 1150;
				ORGANIZATIONNAME = Raf;
				TargetAttributes = {
					E122C1EC25FD617D006A1670 = {
						CreatedOnToolsVersion = 11.5;
					};
				};
			};
			buildConfigurationList = E122C1E825FD617D006A1670 /* Build configuration list for PBXProject "TunedGlobal" */;
			compatibilityVersion = "Xcode 9.3";
			developmentRegion = en;
			hasScannedForEncodings = 0;
			knownRegions = (
				en,
				Base,
			);
			mainGroup = E122C1E425FD617D006A1670;
			productRefGroup = E122C1EE25FD617D006A1670 /* Products */;
			projectDirPath = "";
			projectRoot = "";
			targets = (
				E122C1EC25FD617D006A1670 /* TunedGlobal */,
			);
		};
/* End PBXProject section */

/* Begin PBXResourcesBuildPhase section */
		E122C1EB25FD617D006A1670 /* Resources */ = {
			isa = PBXResourcesBuildPhase;
			buildActionMask = 2147483647;
			files = (
				E122C1FD25FD6180006A1670 /* LaunchScreen.storyboard in Resources */,
				E122C1FA25FD6180006A1670 /* Assets.xcassets in Resources */,
				E122C1F825FD617D006A1670 /* Main.storyboard in Resources */,
			);
			runOnlyForDeploymentPostprocessing = 0;
		};
/* End PBXResourcesBuildPhase section */

/* Begin PBXSourcesBuildPhase section */
		E122C1E925FD617D006A1670 /* Sources */ = {
			isa = PBXSourcesBuildPhase;
			buildActionMask = 2147483647;
			files = (
				E1F47FB1267A69CC00E4DAF6 /* AlbumType.swift in Sources */,
				E1F47FC9267A6A9400E4DAF6 /* AlbumData.swift in Sources */,
				E122C27E26069217006A1670 /* ImageStore.swift in Sources */,
				E1F47FC5267A6A7500E4DAF6 /* JSONSchemaSupport.swift in Sources */,
				E1F47FC1267A6A6200E4DAF6 /* Volume.swift in Sources */,
				E1F47FAD267A69A000E4DAF6 /* Album.swift in Sources */,
				E122C27A26043A10006A1670 /* AlbumPhotoCell.swift in Sources */,
				E1F47FCC267A6AB900E4DAF6 /* PrimaryRelease.swift in Sources */,
				E122C2732603E4C7006A1670 /* AlbumsViewController.swift in Sources */,
				E122C20525FD7598006A1670 /* UIViewController+Extensions.swift in Sources */,
				E122C1F125FD617D006A1670 /* AppDelegate.swift in Sources */,
				E122C2752603ED89006A1670 /* AlbumsDatasource.swift in Sources */,
				E122C1F325FD617D006A1670 /* SceneDelegate.swift in Sources */,
				E1F47FBD267A6A4C00E4DAF6 /* Label.swift in Sources */,
				E1F47FB5267A69FA00E4DAF6 /* Artist.swift in Sources */,
				E122C20B25FE5B06006A1670 /* AlbumStore.swift in Sources */,
				E122C20725FD9061006A1670 /* TunedGlobalAPI.swift in Sources */,
			);
			runOnlyForDeploymentPostprocessing = 0;
		};
/* End PBXSourcesBuildPhase section */

/* Begin PBXVariantGroup section */
		E122C1F625FD617D006A1670 /* Main.storyboard */ = {
			isa = PBXVariantGroup;
			children = (
				E122C1F725FD617D006A1670 /* Base */,
			);
			name = Main.storyboard;
			sourceTree = "<group>";
		};
		E122C1FB25FD6180006A1670 /* LaunchScreen.storyboard */ = {
			isa = PBXVariantGroup;
			children = (
				E122C1FC25FD6180006A1670 /* Base */,
			);
			name = LaunchScreen.storyboard;
			sourceTree = "<group>";
		};
/* End PBXVariantGroup section */

/* Begin XCBuildConfiguration section */
		E122C1FF25FD6180006A1670 /* Debug */ = {
			isa = XCBuildConfiguration;
			buildSettings = {
				ALWAYS_SEARCH_USER_PATHS = NO;
				CLANG_ANALYZER_NONNULL = YES;
				CLANG_ANALYZER_NUMBER_OBJECT_CONVERSION = YES_AGGRESSIVE;
				CLANG_CXX_LANGUAGE_STANDARD = "gnu++14";
				CLANG_CXX_LIBRARY = "libc++";
				CLANG_ENABLE_MODULES = YES;
				CLANG_ENABLE_OBJC_ARC = YES;
				CLANG_ENABLE_OBJC_WEAK = YES;
				CLANG_WARN_BLOCK_CAPTURE_AUTORELEASING = YES;
				CLANG_WARN_BOOL_CONVERSION = YES;
				CLANG_WARN_COMMA = YES;
				CLANG_WARN_CONSTANT_CONVERSION = YES;
				CLANG_WARN_DEPRECATED_OBJC_IMPLEMENTATIONS = YES;
				CLANG_WARN_DIRECT_OBJC_ISA_USAGE = YES_ERROR;
				CLANG_WARN_DOCUMENTATION_COMMENTS = YES;
				CLANG_WARN_EMPTY_BODY = YES;
				CLANG_WARN_ENUM_CONVERSION = YES;
				CLANG_WARN_INFINITE_RECURSION = YES;
				CLANG_WARN_INT_CONVERSION = YES;
				CLANG_WARN_NON_LITERAL_NULL_CONVERSION = YES;
				CLANG_WARN_OBJC_IMPLICIT_RETAIN_SELF = YES;
				CLANG_WARN_OBJC_LITERAL_CONVERSION = YES;
				CLANG_WARN_OBJC_ROOT_CLASS = YES_ERROR;
				CLANG_WARN_RANGE_LOOP_ANALYSIS = YES;
				CLANG_WARN_STRICT_PROTOTYPES = YES;
				CLANG_WARN_SUSPICIOUS_MOVE = YES;
				CLANG_WARN_UNGUARDED_AVAILABILITY = YES_AGGRESSIVE;
				CLANG_WARN_UNREACHABLE_CODE = YES;
				CLANG_WARN__DUPLICATE_METHOD_MATCH = YES;
				COPY_PHASE_STRIP = NO;
				DEBUG_INFORMATION_FORMAT = dwarf;
				ENABLE_STRICT_OBJC_MSGSEND = YES;
				ENABLE_TESTABILITY = YES;
				GCC_C_LANGUAGE_STANDARD = gnu11;
				GCC_DYNAMIC_NO_PIC = NO;
				GCC_NO_COMMON_BLOCKS = YES;
				GCC_OPTIMIZATION_LEVEL = 0;
				GCC_PREPROCESSOR_DEFINITIONS = (
					"DEBUG=1",
					"$(inherited)",
				);
				GCC_WARN_64_TO_32_BIT_CONVERSION = YES;
				GCC_WARN_ABOUT_RETURN_TYPE = YES_ERROR;
				GCC_WARN_UNDECLARED_SELECTOR = YES;
				GCC_WARN_UNINITIALIZED_AUTOS = YES_AGGRESSIVE;
				GCC_WARN_UNUSED_FUNCTION = YES;
				GCC_WARN_UNUSED_VARIABLE = YES;
				IPHONEOS_DEPLOYMENT_TARGET = 13.0;
				MTL_ENABLE_DEBUG_INFO = INCLUDE_SOURCE;
				MTL_FAST_MATH = YES;
				ONLY_ACTIVE_ARCH = YES;
				SDKROOT = iphoneos;
				SWIFT_ACTIVE_COMPILATION_CONDITIONS = DEBUG;
				SWIFT_OPTIMIZATION_LEVEL = "-Onone";
			};
			name = Debug;
		};
		E122C20025FD6180006A1670 /* Release */ = {
			isa = XCBuildConfiguration;
			buildSettings = {
				ALWAYS_SEARCH_USER_PATHS = NO;
				CLANG_ANALYZER_NONNULL = YES;
				CLANG_ANALYZER_NUMBER_OBJECT_CONVERSION = YES_AGGRESSIVE;
				CLANG_CXX_LANGUAGE_STANDARD = "gnu++14";
				CLANG_CXX_LIBRARY = "libc++";
				CLANG_ENABLE_MODULES = YES;
				CLANG_ENABLE_OBJC_ARC = YES;
				CLANG_ENABLE_OBJC_WEAK = YES;
				CLANG_WARN_BLOCK_CAPTURE_AUTORELEASING = YES;
				CLANG_WARN_BOOL_CONVERSION = YES;
				CLANG_WARN_COMMA = YES;
				CLANG_WARN_CONSTANT_CONVERSION = YES;
				CLANG_WARN_DEPRECATED_OBJC_IMPLEMENTATIONS = YES;
				CLANG_WARN_DIRECT_OBJC_ISA_USAGE = YES_ERROR;
				CLANG_WARN_DOCUMENTATION_COMMENTS = YES;
				CLANG_WARN_EMPTY_BODY = YES;
				CLANG_WARN_ENUM_CONVERSION = YES;
				CLANG_WARN_INFINITE_RECURSION = YES;
				CLANG_WARN_INT_CONVERSION = YES;
				CLANG_WARN_NON_LITERAL_NULL_CONVERSION = YES;
				CLANG_WARN_OBJC_IMPLICIT_RETAIN_SELF = YES;
				CLANG_WARN_OBJC_LITERAL_CONVERSION = YES;
				CLANG_WARN_OBJC_ROOT_CLASS = YES_ERROR;
				CLANG_WARN_RANGE_LOOP_ANALYSIS = YES;
				CLANG_WARN_STRICT_PROTOTYPES = YES;
				CLANG_WARN_SUSPICIOUS_MOVE = YES;
				CLANG_WARN_UNGUARDED_AVAILABILITY = YES_AGGRESSIVE;
				CLANG_WARN_UNREACHABLE_CODE = YES;
				CLANG_WARN__DUPLICATE_METHOD_MATCH = YES;
				COPY_PHASE_STRIP = NO;
				DEBUG_INFORMATION_FORMAT = "dwarf-with-dsym";
				ENABLE_NS_ASSERTIONS = NO;
				ENABLE_STRICT_OBJC_MSGSEND = YES;
				GCC_C_LANGUAGE_STANDARD = gnu11;
				GCC_NO_COMMON_BLOCKS = YES;
				GCC_WARN_64_TO_32_BIT_CONVERSION = YES;
				GCC_WARN_ABOUT_RETURN_TYPE = YES_ERROR;
				GCC_WARN_UNDECLARED_SELECTOR = YES;
				GCC_WARN_UNINITIALIZED_AUTOS = YES_AGGRESSIVE;
				GCC_WARN_UNUSED_FUNCTION = YES;
				GCC_WARN_UNUSED_VARIABLE = YES;
				IPHONEOS_DEPLOYMENT_TARGET = 13.0;
				MTL_ENABLE_DEBUG_INFO = NO;
				MTL_FAST_MATH = YES;
				SDKROOT = iphoneos;
				SWIFT_COMPILATION_MODE = wholemodule;
				SWIFT_OPTIMIZATION_LEVEL = "-O";
				VALIDATE_PRODUCT = YES;
			};
			name = Release;
		};
		E122C20225FD6180006A1670 /* Debug */ = {
			isa = XCBuildConfiguration;
			buildSettings = {
				ASSETCATALOG_COMPILER_APPICON_NAME = AppIcon;
				CODE_SIGN_STYLE = Automatic;
				DEVELOPMENT_TEAM = BV7ZYWZYR7;
				INFOPLIST_FILE = TunedGlobal/Info.plist;
				LD_RUNPATH_SEARCH_PATHS = (
					"$(inherited)",
					"@executable_path/Frameworks",
				);
				PRODUCT_BUNDLE_IDENTIFIER = com.raf.software.TunedGlobal;
				PRODUCT_NAME = "$(TARGET_NAME)";
				SWIFT_VERSION = 5.0;
				TARGETED_DEVICE_FAMILY = "1,2";
			};
			name = Debug;
		};
		E122C20325FD6180006A1670 /* Release */ = {
			isa = XCBuildConfiguration;
			buildSettings = {
				ASSETCATALOG_COMPILER_APPICON_NAME = AppIcon;
				CODE_SIGN_STYLE = Automatic;
				DEVELOPMENT_TEAM = BV7ZYWZYR7;
				INFOPLIST_FILE = TunedGlobal/Info.plist;
				LD_RUNPATH_SEARCH_PATHS = (
					"$(inherited)",
					"@executable_path/Frameworks",
				);
				PRODUCT_BUNDLE_IDENTIFIER = com.raf.software.TunedGlobal;
				PRODUCT_NAME = "$(TARGET_NAME)";
				SWIFT_VERSION = 5.0;
				TARGETED_DEVICE_FAMILY = "1,2";
			};
			name = Release;
		};
/* End XCBuildConfiguration section */

/* Begin XCConfigurationList section */
		E122C1E825FD617D006A1670 /* Build configuration list for PBXProject "TunedGlobal" */ = {
			isa = XCConfigurationList;
			buildConfigurations = (
				E122C1FF25FD6180006A1670 /* Debug */,
				E122C20025FD6180006A1670 /* Release */,
			);
			defaultConfigurationIsVisible = 0;
			defaultConfigurationName = Release;
		};
		E122C20125FD6180006A1670 /* Build configuration list for PBXNativeTarget "TunedGlobal" */ = {
			isa = XCConfigurationList;
			buildConfigurations = (
				E122C20225FD6180006A1670 /* Debug */,
				E122C20325FD6180006A1670 /* Release */,
			);
			defaultConfigurationIsVisible = 0;
			defaultConfigurationName = Release;
		};
/* End XCConfigurationList section */
	};
	rootObject = E122C1E525FD617D006A1670 /* Project object */;
}
